// !$*UTF8*$!
{
	archiveVersion = 1;
	classes = {
	};
	objectVersion = 50;
	objects = {

/* Begin PBXBuildFile section */
		6CC959C522C41E4B0080793D /* AppDelegate.m in Sources */ = {isa = PBXBuildFile; fileRef = 6CC959C422C41E4B0080793D /* AppDelegate.m */; };
		6CC959C822C41E4B0080793D /* ViewController.m in Sources */ = {isa = PBXBuildFile; fileRef = 6CC959C722C41E4B0080793D /* ViewController.m */; };
		6CC959CB22C41E4B0080793D /* Main.storyboard in Resources */ = {isa = PBXBuildFile; fileRef = 6CC959C922C41E4B0080793D /* Main.storyboard */; };
		6CC959CE22C41E4B0080793D /* CanaryWeather.xcdatamodeld in Sources */ = {isa = PBXBuildFile; fileRef = 6CC959CC22C41E4B0080793D /* CanaryWeather.xcdatamodeld */; };
		6CC959D022C41E4C0080793D /* Assets.xcassets in Resources */ = {isa = PBXBuildFile; fileRef = 6CC959CF22C41E4C0080793D /* Assets.xcassets */; };
		6CC959D322C41E4C0080793D /* LaunchScreen.storyboard in Resources */ = {isa = PBXBuildFile; fileRef = 6CC959D122C41E4C0080793D /* LaunchScreen.storyboard */; };
		6CC959D622C41E4C0080793D /* main.m in Sources */ = {isa = PBXBuildFile; fileRef = 6CC959D522C41E4C0080793D /* main.m */; };
		6CC959E022C41E4C0080793D /* CanaryWeatherTests.m in Sources */ = {isa = PBXBuildFile; fileRef = 6CC959DF22C41E4C0080793D /* CanaryWeatherTests.m */; };
		6CC959EB22C41E4C0080793D /* CanaryWeatherUITests.m in Sources */ = {isa = PBXBuildFile; fileRef = 6CC959EA22C41E4C0080793D /* CanaryWeatherUITests.m */; };
/* End PBXBuildFile section */

/* Begin PBXContainerItemProxy section */
		6CC959DC22C41E4C0080793D /* PBXContainerItemProxy */ = {
			isa = PBXContainerItemProxy;
			containerPortal = 6CC959B822C41E4B0080793D /* Project object */;
			proxyType = 1;
			remoteGlobalIDString = 6CC959BF22C41E4B0080793D;
			remoteInfo = CanaryWeather;
		};
		6CC959E722C41E4C0080793D /* PBXContainerItemProxy */ = {
			isa = PBXContainerItemProxy;
			containerPortal = 6CC959B822C41E4B0080793D /* Project object */;
			proxyType = 1;
			remoteGlobalIDString = 6CC959BF22C41E4B0080793D;
			remoteInfo = CanaryWeather;
		};
/* End PBXContainerItemProxy section */

/* Begin PBXFileReference section */
		6CC959C022C41E4B0080793D /* CanaryWeather.app */ = {isa = PBXFileReference; explicitFileType = wrapper.application; includeInIndex = 0; path = CanaryWeather.app; sourceTree = BUILT_PRODUCTS_DIR; };
		6CC959C322C41E4B0080793D /* AppDelegate.h */ = {isa = PBXFileReference; lastKnownFileType = sourcecode.c.h; path = AppDelegate.h; sourceTree = "<group>"; };
		6CC959C422C41E4B0080793D /* AppDelegate.m */ = {isa = PBXFileReference; lastKnownFileType = sourcecode.c.objc; path = AppDelegate.m; sourceTree = "<group>"; };
		6CC959C622C41E4B0080793D /* ViewController.h */ = {isa = PBXFileReference; lastKnownFileType = sourcecode.c.h; path = ViewController.h; sourceTree = "<group>"; };
		6CC959C722C41E4B0080793D /* ViewController.m */ = {isa = PBXFileReference; lastKnownFileType = sourcecode.c.objc; path = ViewController.m; sourceTree = "<group>"; };
		6CC959CA22C41E4B0080793D /* Base */ = {isa = PBXFileReference; lastKnownFileType = file.storyboard; name = Base; path = Base.lproj/Main.storyboard; sourceTree = "<group>"; };
		6CC959CD22C41E4B0080793D /* CanaryWeather.xcdatamodel */ = {isa = PBXFileReference; lastKnownFileType = wrapper.xcdatamodel; path = CanaryWeather.xcdatamodel; sourceTree = "<group>"; };
		6CC959CF22C41E4C0080793D /* Assets.xcassets */ = {isa = PBXFileReference; lastKnownFileType = folder.assetcatalog; path = Assets.xcassets; sourceTree = "<group>"; };
		6CC959D222C41E4C0080793D /* Base */ = {isa = PBXFileReference; lastKnownFileType = file.storyboard; name = Base; path = Base.lproj/LaunchScreen.storyboard; sourceTree = "<group>"; };
		6CC959D422C41E4C0080793D /* Info.plist */ = {isa = PBXFileReference; lastKnownFileType = text.plist.xml; path = Info.plist; sourceTree = "<group>"; };
		6CC959D522C41E4C0080793D /* main.m */ = {isa = PBXFileReference; lastKnownFileType = sourcecode.c.objc; path = main.m; sourceTree = "<group>"; };
		6CC959DB22C41E4C0080793D /* CanaryWeatherTests.xctest */ = {isa = PBXFileReference; explicitFileType = wrapper.cfbundle; includeInIndex = 0; path = CanaryWeatherTests.xctest; sourceTree = BUILT_PRODUCTS_DIR; };
		6CC959DF22C41E4C0080793D /* CanaryWeatherTests.m */ = {isa = PBXFileReference; lastKnownFileType = sourcecode.c.objc; path = CanaryWeatherTests.m; sourceTree = "<group>"; };
		6CC959E122C41E4C0080793D /* Info.plist */ = {isa = PBXFileReference; lastKnownFileType = text.plist.xml; path = Info.plist; sourceTree = "<group>"; };
		6CC959E622C41E4C0080793D /* CanaryWeatherUITests.xctest */ = {isa = PBXFileReference; explicitFileType = wrapper.cfbundle; includeInIndex = 0; path = CanaryWeatherUITests.xctest; sourceTree = BUILT_PRODUCTS_DIR; };
		6CC959EA22C41E4C0080793D /* CanaryWeatherUITests.m */ = {isa = PBXFileReference; lastKnownFileType = sourcecode.c.objc; path = CanaryWeatherUITests.m; sourceTree = "<group>"; };
		6CC959EC22C41E4C0080793D /* Info.plist */ = {isa = PBXFileReference; lastKnownFileType = text.plist.xml; path = Info.plist; sourceTree = "<group>"; };
/* End PBXFileReference section */

/* Begin PBXFrameworksBuildPhase section */
		6CC959BD22C41E4B0080793D /* Frameworks */ = {
			isa = PBXFrameworksBuildPhase;
			buildActionMask = 2147483647;
			files = (
			);
			runOnlyForDeploymentPostprocessing = 0;
		};
		6CC959D822C41E4C0080793D /* Frameworks */ = {
			isa = PBXFrameworksBuildPhase;
			buildActionMask = 2147483647;
			files = (
			);
			runOnlyForDeploymentPostprocessing = 0;
		};
		6CC959E322C41E4C0080793D /* Frameworks */ = {
			isa = PBXFrameworksBuildPhase;
			buildActionMask = 2147483647;
			files = (
			);
			runOnlyForDeploymentPostprocessing = 0;
		};
/* End PBXFrameworksBuildPhase section */

/* Begin PBXGroup section */
		6CC959B722C41E4B0080793D = {
			isa = PBXGroup;
			children = (
				6CC959C222C41E4B0080793D /* CanaryWeather */,
				6CC959DE22C41E4C0080793D /* CanaryWeatherTests */,
				6CC959E922C41E4C0080793D /* CanaryWeatherUITests */,
				6CC959C122C41E4B0080793D /* Products */,
			);
			sourceTree = "<group>";
		};
		6CC959C122C41E4B0080793D /* Products */ = {
			isa = PBXGroup;
			children = (
				6CC959C022C41E4B0080793D /* CanaryWeather.app */,
				6CC959DB22C41E4C0080793D /* CanaryWeatherTests.xctest */,
				6CC959E622C41E4C0080793D /* CanaryWeatherUITests.xctest */,
			);
			name = Products;
			sourceTree = "<group>";
		};
		6CC959C222C41E4B0080793D /* CanaryWeather */ = {
			isa = PBXGroup;
			children = (
				6CC959C322C41E4B0080793D /* AppDelegate.h */,
				6CC959C422C41E4B0080793D /* AppDelegate.m */,
				6CC959C622C41E4B0080793D /* ViewController.h */,
				6CC959C722C41E4B0080793D /* ViewController.m */,
				6CC959C922C41E4B0080793D /* Main.storyboard */,
				6CC959CF22C41E4C0080793D /* Assets.xcassets */,
				6CC959D122C41E4C0080793D /* LaunchScreen.storyboard */,
				6CC959D422C41E4C0080793D /* Info.plist */,
				6CC959D522C41E4C0080793D /* main.m */,
				6CC959CC22C41E4B0080793D /* CanaryWeather.xcdatamodeld */,
			);
			path = CanaryWeather;
			sourceTree = "<group>";
		};
		6CC959DE22C41E4C0080793D /* CanaryWeatherTests */ = {
			isa = PBXGroup;
			children = (
				6CC959DF22C41E4C0080793D /* CanaryWeatherTests.m */,
				6CC959E122C41E4C0080793D /* Info.plist */,
			);
			path = CanaryWeatherTests;
			sourceTree = "<group>";
		};
		6CC959E922C41E4C0080793D /* CanaryWeatherUITests */ = {
			isa = PBXGroup;
			children = (
				6CC959EA22C41E4C0080793D /* CanaryWeatherUITests.m */,
				6CC959EC22C41E4C0080793D /* Info.plist */,
			);
			path = CanaryWeatherUITests;
			sourceTree = "<group>";
		};
/* End PBXGroup section */

/* Begin PBXNativeTarget section */
		6CC959BF22C41E4B0080793D /* CanaryWeather */ = {
			isa = PBXNativeTarget;
			buildConfigurationList = 6CC959EF22C41E4C0080793D /* Build configuration list for PBXNativeTarget "CanaryWeather" */;
			buildPhases = (
				6CC959BC22C41E4B0080793D /* Sources */,
				6CC959BD22C41E4B0080793D /* Frameworks */,
				6CC959BE22C41E4B0080793D /* Resources */,
			);
			buildRules = (
			);
			dependencies = (
			);
			name = CanaryWeather;
			productName = CanaryWeather;
			productReference = 6CC959C022C41E4B0080793D /* CanaryWeather.app */;
			productType = "com.apple.product-type.application";
		};
		6CC959DA22C41E4C0080793D /* CanaryWeatherTests */ = {
			isa = PBXNativeTarget;
			buildConfigurationList = 6CC959F222C41E4C0080793D /* Build configuration list for PBXNativeTarget "CanaryWeatherTests" */;
			buildPhases = (
				6CC959D722C41E4C0080793D /* Sources */,
				6CC959D822C41E4C0080793D /* Frameworks */,
				6CC959D922C41E4C0080793D /* Resources */,
			);
			buildRules = (
			);
			dependencies = (
				6CC959DD22C41E4C0080793D /* PBXTargetDependency */,
			);
			name = CanaryWeatherTests;
			productName = CanaryWeatherTests;
			productReference = 6CC959DB22C41E4C0080793D /* CanaryWeatherTests.xctest */;
			productType = "com.apple.product-type.bundle.unit-test";
		};
		6CC959E522C41E4C0080793D /* CanaryWeatherUITests */ = {
			isa = PBXNativeTarget;
			buildConfigurationList = 6CC959F522C41E4C0080793D /* Build configuration list for PBXNativeTarget "CanaryWeatherUITests" */;
			buildPhases = (
				6CC959E222C41E4C0080793D /* Sources */,
				6CC959E322C41E4C0080793D /* Frameworks */,
				6CC959E422C41E4C0080793D /* Resources */,
			);
			buildRules = (
			);
			dependencies = (
				6CC959E822C41E4C0080793D /* PBXTargetDependency */,
			);
			name = CanaryWeatherUITests;
			productName = CanaryWeatherUITests;
			productReference = 6CC959E622C41E4C0080793D /* CanaryWeatherUITests.xctest */;
			productType = "com.apple.product-type.bundle.ui-testing";
		};
/* End PBXNativeTarget section */

/* Begin PBXProject section */
		6CC959B822C41E4B0080793D /* Project object */ = {
			isa = PBXProject;
			attributes = {
				LastUpgradeCheck = 1020;
				ORGANIZATIONNAME = "Franqueli Mendez";
				TargetAttributes = {
					6CC959BF22C41E4B0080793D = {
						CreatedOnToolsVersion = 10.2.1;
					};
					6CC959DA22C41E4C0080793D = {
						CreatedOnToolsVersion = 10.2.1;
						TestTargetID = 6CC959BF22C41E4B0080793D;
					};
					6CC959E522C41E4C0080793D = {
						CreatedOnToolsVersion = 10.2.1;
						TestTargetID = 6CC959BF22C41E4B0080793D;
					};
				};
			};
			buildConfigurationList = 6CC959BB22C41E4B0080793D /* Build configuration list for PBXProject "CanaryWeather" */;
			compatibilityVersion = "Xcode 9.3";
			developmentRegion = en;
			hasScannedForEncodings = 0;
			knownRegions = (
				en,
				Base,
			);
			mainGroup = 6CC959B722C41E4B0080793D;
			productRefGroup = 6CC959C122C41E4B0080793D /* Products */;
			projectDirPath = "";
			projectRoot = "";
			targets = (
				6CC959BF22C41E4B0080793D /* CanaryWeather */,
				6CC959DA22C41E4C0080793D /* CanaryWeatherTests */,
				6CC959E522C41E4C0080793D /* CanaryWeatherUITests */,
			);
		};
/* End PBXProject section */

/* Begin PBXResourcesBuildPhase section */
		6CC959BE22C41E4B0080793D /* Resources */ = {
			isa = PBXResourcesBuildPhase;
			buildActionMask = 2147483647;
			files = (
				6CC959D322C41E4C0080793D /* LaunchScreen.storyboard in Resources */,
				6CC959D022C41E4C0080793D /* Assets.xcassets in Resources */,
				6CC959CB22C41E4B0080793D /* Main.storyboard in Resources */,
			);
			runOnlyForDeploymentPostprocessing = 0;
		};
		6CC959D922C41E4C0080793D /* Resources */ = {
			isa = PBXResourcesBuildPhase;
			buildActionMask = 2147483647;
			files = (
			);
			runOnlyForDeploymentPostprocessing = 0;
		};
		6CC959E422C41E4C0080793D /* Resources */ = {
			isa = PBXResourcesBuildPhase;
			buildActionMask = 2147483647;
			files = (
			);
			runOnlyForDeploymentPostprocessing = 0;
		};
/* End PBXResourcesBuildPhase section */

/* Begin PBXSourcesBuildPhase section */
		6CC959BC22C41E4B0080793D /* Sources */ = {
			isa = PBXSourcesBuildPhase;
			buildActionMask = 2147483647;
			files = (
				6CC959CE22C41E4B0080793D /* CanaryWeather.xcdatamodeld in Sources */,
				6CC959C822C41E4B0080793D /* ViewController.m in Sources */,
				6CC959D622C41E4C0080793D /* main.m in Sources */,
				6CC959C522C41E4B0080793D /* AppDelegate.m in Sources */,
			);
			runOnlyForDeploymentPostprocessing = 0;
		};
		6CC959D722C41E4C0080793D /* Sources */ = {
			isa = PBXSourcesBuildPhase;
			buildActionMask = 2147483647;
			files = (
				6CC959E022C41E4C0080793D /* CanaryWeatherTests.m in Sources */,
			);
			runOnlyForDeploymentPostprocessing = 0;
		};
		6CC959E222C41E4C0080793D /* Sources */ = {
			isa = PBXSourcesBuildPhase;
			buildActionMask = 2147483647;
			files = (
				6CC959EB22C41E4C0080793D /* CanaryWeatherUITests.m in Sources */,
			);
			runOnlyForDeploymentPostprocessing = 0;
		};
/* End PBXSourcesBuildPhase section */

/* Begin PBXTargetDependency section */
		6CC959DD22C41E4C0080793D /* PBXTargetDependency */ = {
			isa = PBXTargetDependency;
			target = 6CC959BF22C41E4B0080793D /* CanaryWeather */;
			targetProxy = 6CC959DC22C41E4C0080793D /* PBXContainerItemProxy */;
		};
		6CC959E822C41E4C0080793D /* PBXTargetDependency */ = {
			isa = PBXTargetDependency;
			target = 6CC959BF22C41E4B0080793D /* CanaryWeather */;
			targetProxy = 6CC959E722C41E4C0080793D /* PBXContainerItemProxy */;
		};
/* End PBXTargetDependency section */

/* Begin PBXVariantGroup section */
		6CC959C922C41E4B0080793D /* Main.storyboard */ = {
			isa = PBXVariantGroup;
			children = (
				6CC959CA22C41E4B0080793D /* Base */,
			);
			name = Main.storyboard;
			sourceTree = "<group>";
		};
		6CC959D122C41E4C0080793D /* LaunchScreen.storyboard */ = {
			isa = PBXVariantGroup;
			children = (
				6CC959D222C41E4C0080793D /* Base */,
			);
			name = LaunchScreen.storyboard;
			sourceTree = "<group>";
		};
/* End PBXVariantGroup section */

/* Begin XCBuildConfiguration section */
		6CC959ED22C41E4C0080793D /* Debug */ = {
			isa = XCBuildConfiguration;
			buildSettings = {
				ALWAYS_SEARCH_USER_PATHS = NO;
				CLANG_ANALYZER_NONNULL = YES;
				CLANG_ANALYZER_NUMBER_OBJECT_CONVERSION = YES_AGGRESSIVE;
				CLANG_CXX_LANGUAGE_STANDARD = "gnu++14";
				CLANG_CXX_LIBRARY = "libc++";
				CLANG_ENABLE_MODULES = YES;
				CLANG_ENABLE_OBJC_ARC = YES;
				CLANG_ENABLE_OBJC_WEAK = YES;
				CLANG_WARN_BLOCK_CAPTURE_AUTORELEASING = YES;
				CLANG_WARN_BOOL_CONVERSION = YES;
				CLANG_WARN_COMMA = YES;
				CLANG_WARN_CONSTANT_CONVERSION = YES;
				CLANG_WARN_DEPRECATED_OBJC_IMPLEMENTATIONS = YES;
				CLANG_WARN_DIRECT_OBJC_ISA_USAGE = YES_ERROR;
				CLANG_WARN_DOCUMENTATION_COMMENTS = YES;
				CLANG_WARN_EMPTY_BODY = YES;
				CLANG_WARN_ENUM_CONVERSION = YES;
				CLANG_WARN_INFINITE_RECURSION = YES;
				CLANG_WARN_INT_CONVERSION = YES;
				CLANG_WARN_NON_LITERAL_NULL_CONVERSION = YES;
				CLANG_WARN_OBJC_IMPLICIT_RETAIN_SELF = YES;
				CLANG_WARN_OBJC_LITERAL_CONVERSION = YES;
				CLANG_WARN_OBJC_ROOT_CLASS = YES_ERROR;
				CLANG_WARN_RANGE_LOOP_ANALYSIS = YES;
				CLANG_WARN_STRICT_PROTOTYPES = YES;
				CLANG_WARN_SUSPICIOUS_MOVE = YES;
				CLANG_WARN_UNGUARDED_AVAILABILITY = YES_AGGRESSIVE;
				CLANG_WARN_UNREACHABLE_CODE = YES;
				CLANG_WARN__DUPLICATE_METHOD_MATCH = YES;
				CODE_SIGN_IDENTITY = "iPhone Developer";
				COPY_PHASE_STRIP = NO;
				DEBUG_INFORMATION_FORMAT = dwarf;
				ENABLE_STRICT_OBJC_MSGSEND = YES;
				ENABLE_TESTABILITY = YES;
				GCC_C_LANGUAGE_STANDARD = gnu11;
				GCC_DYNAMIC_NO_PIC = NO;
				GCC_NO_COMMON_BLOCKS = YES;
				GCC_OPTIMIZATION_LEVEL = 0;
				GCC_PREPROCESSOR_DEFINITIONS = (
					"DEBUG=1",
					"$(inherited)",
				);
				GCC_WARN_64_TO_32_BIT_CONVERSION = YES;
				GCC_WARN_ABOUT_RETURN_TYPE = YES_ERROR;
				GCC_WARN_UNDECLARED_SELECTOR = YES;
				GCC_WARN_UNINITIALIZED_AUTOS = YES_AGGRESSIVE;
				GCC_WARN_UNUSED_FUNCTION = YES;
				GCC_WARN_UNUSED_VARIABLE = YES;
				IPHONEOS_DEPLOYMENT_TARGET = 12.2;
				MTL_ENABLE_DEBUG_INFO = INCLUDE_SOURCE;
				MTL_FAST_MATH = YES;
				ONLY_ACTIVE_ARCH = YES;
				SDKROOT = iphoneos;
			};
			name = Debug;
		};
		6CC959EE22C41E4C0080793D /* Release */ = {
			isa = XCBuildConfiguration;
			buildSettings = {
				ALWAYS_SEARCH_USER_PATHS = NO;
				CLANG_ANALYZER_NONNULL = YES;
				CLANG_ANALYZER_NUMBER_OBJECT_CONVERSION = YES_AGGRESSIVE;
				CLANG_CXX_LANGUAGE_STANDARD = "gnu++14";
				CLANG_CXX_LIBRARY = "libc++";
				CLANG_ENABLE_MODULES = YES;
				CLANG_ENABLE_OBJC_ARC = YES;
				CLANG_ENABLE_OBJC_WEAK = YES;
				CLANG_WARN_BLOCK_CAPTURE_AUTORELEASING = YES;
				CLANG_WARN_BOOL_CONVERSION = YES;
				CLANG_WARN_COMMA = YES;
				CLANG_WARN_CONSTANT_CONVERSION = YES;
				CLANG_WARN_DEPRECATED_OBJC_IMPLEMENTATIONS = YES;
				CLANG_WARN_DIRECT_OBJC_ISA_USAGE = YES_ERROR;
				CLANG_WARN_DOCUMENTATION_COMMENTS = YES;
				CLANG_WARN_EMPTY_BODY = YES;
				CLANG_WARN_ENUM_CONVERSION = YES;
				CLANG_WARN_INFINITE_RECURSION = YES;
				CLANG_WARN_INT_CONVERSION = YES;
				CLANG_WARN_NON_LITERAL_NULL_CONVERSION = YES;
				CLANG_WARN_OBJC_IMPLICIT_RETAIN_SELF = YES;
				CLANG_WARN_OBJC_LITERAL_CONVERSION = YES;
				CLANG_WARN_OBJC_ROOT_CLASS = YES_ERROR;
				CLANG_WARN_RANGE_LOOP_ANALYSIS = YES;
				CLANG_WARN_STRICT_PROTOTYPES = YES;
				CLANG_WARN_SUSPICIOUS_MOVE = YES;
				CLANG_WARN_UNGUARDED_AVAILABILITY = YES_AGGRESSIVE;
				CLANG_WARN_UNREACHABLE_CODE = YES;
				CLANG_WARN__DUPLICATE_METHOD_MATCH = YES;
				CODE_SIGN_IDENTITY = "iPhone Developer";
				COPY_PHASE_STRIP = NO;
				DEBUG_INFORMATION_FORMAT = "dwarf-with-dsym";
				ENABLE_NS_ASSERTIONS = NO;
				ENABLE_STRICT_OBJC_MSGSEND = YES;
				GCC_C_LANGUAGE_STANDARD = gnu11;
				GCC_NO_COMMON_BLOCKS = YES;
				GCC_WARN_64_TO_32_BIT_CONVERSION = YES;
				GCC_WARN_ABOUT_RETURN_TYPE = YES_ERROR;
				GCC_WARN_UNDECLARED_SELECTOR = YES;
				GCC_WARN_UNINITIALIZED_AUTOS = YES_AGGRESSIVE;
				GCC_WARN_UNUSED_FUNCTION = YES;
				GCC_WARN_UNUSED_VARIABLE = YES;
				IPHONEOS_DEPLOYMENT_TARGET = 12.2;
				MTL_ENABLE_DEBUG_INFO = NO;
				MTL_FAST_MATH = YES;
				SDKROOT = iphoneos;
				VALIDATE_PRODUCT = YES;
			};
			name = Release;
		};
		6CC959F022C41E4C0080793D /* Debug */ = {
			isa = XCBuildConfiguration;
			buildSettings = {
				ASSETCATALOG_COMPILER_APPICON_NAME = AppIcon;
				CODE_SIGN_STYLE = Automatic;
				DEVELOPMENT_TEAM = 2BZ78N67HB;
				INFOPLIST_FILE = CanaryWeather/Info.plist;
				LD_RUNPATH_SEARCH_PATHS = (
					"$(inherited)",
					"@executable_path/Frameworks",
				);
				PRODUCT_BUNDLE_IDENTIFIER = com.franqueli.ios.CanaryWeather;
				PRODUCT_NAME = "$(TARGET_NAME)";
				TARGETED_DEVICE_FAMILY = "1,2";
			};
			name = Debug;
		};
		6CC959F122C41E4C0080793D /* Release */ = {
			isa = XCBuildConfiguration;
			buildSettings = {
				ASSETCATALOG_COMPILER_APPICON_NAME = AppIcon;
				CODE_SIGN_STYLE = Automatic;
				DEVELOPMENT_TEAM = 2BZ78N67HB;
				INFOPLIST_FILE = CanaryWeather/Info.plist;
				LD_RUNPATH_SEARCH_PATHS = (
					"$(inherited)",
					"@executable_path/Frameworks",
				);
				PRODUCT_BUNDLE_IDENTIFIER = com.franqueli.ios.CanaryWeather;
				PRODUCT_NAME = "$(TARGET_NAME)";
				TARGETED_DEVICE_FAMILY = "1,2";
			};
			name = Release;
		};
		6CC959F322C41E4C0080793D /* Debug */ = {
			isa = XCBuildConfiguration;
			buildSettings = {
				BUNDLE_LOADER = "$(TEST_HOST)";
				CODE_SIGN_STYLE = Automatic;
				DEVELOPMENT_TEAM = 2BZ78N67HB;
				INFOPLIST_FILE = CanaryWeatherTests/Info.plist;
				LD_RUNPATH_SEARCH_PATHS = (
					"$(inherited)",
					"@executable_path/Frameworks",
					"@loader_path/Frameworks",
				);
				PRODUCT_BUNDLE_IDENTIFIER = com.franqueli.ios.CanaryWeatherTests;
				PRODUCT_NAME = "$(TARGET_NAME)";
				TARGETED_DEVICE_FAMILY = "1,2";
				TEST_HOST = "$(BUILT_PRODUCTS_DIR)/CanaryWeather.app/CanaryWeather";
			};
			name = Debug;
		};
		6CC959F422C41E4C0080793D /* Release */ = {
			isa = XCBuildConfiguration;
			buildSettings = {
				BUNDLE_LOADER = "$(TEST_HOST)";
				CODE_SIGN_STYLE = Automatic;
				DEVELOPMENT_TEAM = 2BZ78N67HB;
				INFOPLIST_FILE = CanaryWeatherTests/Info.plist;
				LD_RUNPATH_SEARCH_PATHS = (
					"$(inherited)",
					"@executable_path/Frameworks",
					"@loader_path/Frameworks",
				);
				PRODUCT_BUNDLE_IDENTIFIER = com.franqueli.ios.CanaryWeatherTests;
				PRODUCT_NAME = "$(TARGET_NAME)";
				TARGETED_DEVICE_FAMILY = "1,2";
				TEST_HOST = "$(BUILT_PRODUCTS_DIR)/CanaryWeather.app/CanaryWeather";
			};
			name = Release;
		};
		6CC959F622C41E4C0080793D /* Debug */ = {
			isa = XCBuildConfiguration;
			buildSettings = {
				CODE_SIGN_STYLE = Automatic;
				DEVELOPMENT_TEAM = 2BZ78N67HB;
				INFOPLIST_FILE = CanaryWeatherUITests/Info.plist;
				LD_RUNPATH_SEARCH_PATHS = (
					"$(inherited)",
					"@executable_path/Frameworks",
					"@loader_path/Frameworks",
				);
				PRODUCT_BUNDLE_IDENTIFIER = com.franqueli.ios.CanaryWeatherUITests;
				PRODUCT_NAME = "$(TARGET_NAME)";
				TARGETED_DEVICE_FAMILY = "1,2";
				TEST_TARGET_NAME = CanaryWeather;
			};
			name = Debug;
		};
		6CC959F722C41E4C0080793D /* Release */ = {
			isa = XCBuildConfiguration;
			buildSettings = {
				CODE_SIGN_STYLE = Automatic;
				DEVELOPMENT_TEAM = 2BZ78N67HB;
				INFOPLIST_FILE = CanaryWeatherUITests/Info.plist;
				LD_RUNPATH_SEARCH_PATHS = (
					"$(inherited)",
					"@executable_path/Frameworks",
					"@loader_path/Frameworks",
				);
				PRODUCT_BUNDLE_IDENTIFIER = com.franqueli.ios.CanaryWeatherUITests;
				PRODUCT_NAME = "$(TARGET_NAME)";
				TARGETED_DEVICE_FAMILY = "1,2";
				TEST_TARGET_NAME = CanaryWeather;
			};
			name = Release;
		};
/* End XCBuildConfiguration section */

/* Begin XCConfigurationList section */
		6CC959BB22C41E4B0080793D /* Build configuration list for PBXProject "CanaryWeather" */ = {
			isa = XCConfigurationList;
			buildConfigurations = (
				6CC959ED22C41E4C0080793D /* Debug */,
				6CC959EE22C41E4C0080793D /* Release */,
			);
			defaultConfigurationIsVisible = 0;
			defaultConfigurationName = Release;
		};
		6CC959EF22C41E4C0080793D /* Build configuration list for PBXNativeTarget "CanaryWeather" */ = {
			isa = XCConfigurationList;
			buildConfigurations = (
				6CC959F022C41E4C0080793D /* Debug */,
				6CC959F122C41E4C0080793D /* Release */,
			);
			defaultConfigurationIsVisible = 0;
			defaultConfigurationName = Release;
		};
		6CC959F222C41E4C0080793D /* Build configuration list for PBXNativeTarget "CanaryWeatherTests" */ = {
			isa = XCConfigurationList;
			buildConfigurations = (
				6CC959F322C41E4C0080793D /* Debug */,
				6CC959F422C41E4C0080793D /* Release */,
			);
			defaultConfigurationIsVisible = 0;
			defaultConfigurationName = Release;
		};
		6CC959F522C41E4C0080793D /* Build configuration list for PBXNativeTarget "CanaryWeatherUITests" */ = {
			isa = XCConfigurationList;
			buildConfigurations = (
				6CC959F622C41E4C0080793D /* Debug */,
				6CC959F722C41E4C0080793D /* Release */,
			);
			defaultConfigurationIsVisible = 0;
			defaultConfigurationName = Release;
		};
/* End XCConfigurationList section */

/* Begin XCVersionGroup section */
		6CC959CC22C41E4B0080793D /* CanaryWeather.xcdatamodeld */ = {
			isa = XCVersionGroup;
			children = (
				6CC959CD22C41E4B0080793D /* CanaryWeather.xcdatamodel */,
			);
			currentVersion = 6CC959CD22C41E4B0080793D /* CanaryWeather.xcdatamodel */;
			path = CanaryWeather.xcdatamodeld;
			sourceTree = "<group>";
			versionGroupType = wrapper.xcdatamodel;
		};
/* End XCVersionGroup section */
	};
	rootObject = 6CC959B822C41E4B0080793D /* Project object */;
}
